// !$*UTF8*$!
{
	archiveVersion = 1;
	classes = {
	};
	objectVersion = 50;
	objects = {

/* Begin PBXBuildFile section */
		2211AC62250C031A002EC546 /* TeamTableViewCell.swift in Sources */ = {isa = PBXBuildFile; fileRef = 2211AC60250C031A002EC546 /* TeamTableViewCell.swift */; };
		2211AC63250C031A002EC546 /* TeamTableViewCell.swift in Sources */ = {isa = PBXBuildFile; fileRef = 2211AC60250C031A002EC546 /* TeamTableViewCell.swift */; };
		2211AC64250C031A002EC546 /* TeamTableViewCell.xib in Resources */ = {isa = PBXBuildFile; fileRef = 2211AC61250C031A002EC546 /* TeamTableViewCell.xib */; };
		2211AC65250C031A002EC546 /* TeamTableViewCell.xib in Resources */ = {isa = PBXBuildFile; fileRef = 2211AC61250C031A002EC546 /* TeamTableViewCell.xib */; };
		2211AC6A250C033C002EC546 /* PlayerTableViewCell.xib in Resources */ = {isa = PBXBuildFile; fileRef = 2211AC67250C033C002EC546 /* PlayerTableViewCell.xib */; };
		2211AC6B250C033C002EC546 /* PlayerTableViewCell.xib in Resources */ = {isa = PBXBuildFile; fileRef = 2211AC67250C033C002EC546 /* PlayerTableViewCell.xib */; };
		22848913250BF09A00F12010 /* AppDelegate.swift in Sources */ = {isa = PBXBuildFile; fileRef = 22848912250BF09A00F12010 /* AppDelegate.swift */; };
		22848915250BF09A00F12010 /* SceneDelegate.swift in Sources */ = {isa = PBXBuildFile; fileRef = 22848914250BF09A00F12010 /* SceneDelegate.swift */; };
		2284891C250BF09D00F12010 /* Assets.xcassets in Resources */ = {isa = PBXBuildFile; fileRef = 2284891B250BF09D00F12010 /* Assets.xcassets */; };
		2284891F250BF09D00F12010 /* LaunchScreen.storyboard in Resources */ = {isa = PBXBuildFile; fileRef = 2284891D250BF09D00F12010 /* LaunchScreen.storyboard */; };
		2284892A250BF09D00F12010 /* HungrrrTechTestTests.swift in Sources */ = {isa = PBXBuildFile; fileRef = 22848929250BF09D00F12010 /* HungrrrTechTestTests.swift */; };
		22848939250BF40800F12010 /* MainCoordinator.swift in Sources */ = {isa = PBXBuildFile; fileRef = 22848938250BF40800F12010 /* MainCoordinator.swift */; };
		2284893A250BF40800F12010 /* MainCoordinator.swift in Sources */ = {isa = PBXBuildFile; fileRef = 22848938250BF40800F12010 /* MainCoordinator.swift */; };
		2284893D250BF4AC00F12010 /* CoordinatorProtocol.swift in Sources */ = {isa = PBXBuildFile; fileRef = 2284893C250BF4AC00F12010 /* CoordinatorProtocol.swift */; };
		2284893E250BF4AC00F12010 /* CoordinatorProtocol.swift in Sources */ = {isa = PBXBuildFile; fileRef = 2284893C250BF4AC00F12010 /* CoordinatorProtocol.swift */; };
		22848941250BF72300F12010 /* TeamSearchViewController.swift in Sources */ = {isa = PBXBuildFile; fileRef = 2284893F250BF72300F12010 /* TeamSearchViewController.swift */; };
		22848942250BF72300F12010 /* TeamSearchViewController.swift in Sources */ = {isa = PBXBuildFile; fileRef = 2284893F250BF72300F12010 /* TeamSearchViewController.swift */; };
		22848943250BF72300F12010 /* TeamSearchViewController.xib in Resources */ = {isa = PBXBuildFile; fileRef = 22848940250BF72300F12010 /* TeamSearchViewController.xib */; };
		22848944250BF72300F12010 /* TeamSearchViewController.xib in Resources */ = {isa = PBXBuildFile; fileRef = 22848940250BF72300F12010 /* TeamSearchViewController.xib */; };
		229EAAE1250CFB8600FE3CE7 /* Constants.swift in Sources */ = {isa = PBXBuildFile; fileRef = 229EAAE0250CFB8600FE3CE7 /* Constants.swift */; };
		229EAAE2250CFB8600FE3CE7 /* Constants.swift in Sources */ = {isa = PBXBuildFile; fileRef = 229EAAE0250CFB8600FE3CE7 /* Constants.swift */; };
		22DC46A6250C0A520000A47E /* PlayerTableViewCell.swift in Sources */ = {isa = PBXBuildFile; fileRef = 22DC46A5250C0A520000A47E /* PlayerTableViewCell.swift */; };
		22DC46A9250C181F0000A47E /* Team.swift in Sources */ = {isa = PBXBuildFile; fileRef = 22DC46A8250C181F0000A47E /* Team.swift */; };
		22DC46AA250C181F0000A47E /* Team.swift in Sources */ = {isa = PBXBuildFile; fileRef = 22DC46A8250C181F0000A47E /* Team.swift */; };
		22DC46AC250C18290000A47E /* Player.swift in Sources */ = {isa = PBXBuildFile; fileRef = 22DC46AB250C18290000A47E /* Player.swift */; };
		22DC46AD250C18290000A47E /* Player.swift in Sources */ = {isa = PBXBuildFile; fileRef = 22DC46AB250C18290000A47E /* Player.swift */; };
		22DC46B4250C1A990000A47E /* NetworkUtility.swift in Sources */ = {isa = PBXBuildFile; fileRef = 22DC46B3250C1A990000A47E /* NetworkUtility.swift */; };
		22DC46B5250C1A990000A47E /* NetworkUtility.swift in Sources */ = {isa = PBXBuildFile; fileRef = 22DC46B3250C1A990000A47E /* NetworkUtility.swift */; };
		22DC46B7250C1EF10000A47E /* Codables.swift in Sources */ = {isa = PBXBuildFile; fileRef = 22DC46B6250C1EF10000A47E /* Codables.swift */; };
		22DC46B8250C1EF10000A47E /* Codables.swift in Sources */ = {isa = PBXBuildFile; fileRef = 22DC46B6250C1EF10000A47E /* Codables.swift */; };
/* End PBXBuildFile section */

/* Begin PBXContainerItemProxy section */
		22848926250BF09D00F12010 /* PBXContainerItemProxy */ = {
			isa = PBXContainerItemProxy;
			containerPortal = 22848907250BF09A00F12010 /* Project object */;
			proxyType = 1;
			remoteGlobalIDString = 2284890E250BF09A00F12010;
			remoteInfo = HungrrrTechTest;
		};
/* End PBXContainerItemProxy section */

/* Begin PBXFileReference section */
		2211AC60250C031A002EC546 /* TeamTableViewCell.swift */ = {isa = PBXFileReference; lastKnownFileType = sourcecode.swift; path = TeamTableViewCell.swift; sourceTree = "<group>"; };
		2211AC61250C031A002EC546 /* TeamTableViewCell.xib */ = {isa = PBXFileReference; lastKnownFileType = file.xib; path = TeamTableViewCell.xib; sourceTree = "<group>"; };
		2211AC67250C033C002EC546 /* PlayerTableViewCell.xib */ = {isa = PBXFileReference; lastKnownFileType = file.xib; path = PlayerTableViewCell.xib; sourceTree = "<group>"; };
		2284890F250BF09A00F12010 /* HungrrrTechTest.app */ = {isa = PBXFileReference; explicitFileType = wrapper.application; includeInIndex = 0; path = HungrrrTechTest.app; sourceTree = BUILT_PRODUCTS_DIR; };
		22848912250BF09A00F12010 /* AppDelegate.swift */ = {isa = PBXFileReference; lastKnownFileType = sourcecode.swift; path = AppDelegate.swift; sourceTree = "<group>"; };
		22848914250BF09A00F12010 /* SceneDelegate.swift */ = {isa = PBXFileReference; lastKnownFileType = sourcecode.swift; path = SceneDelegate.swift; sourceTree = "<group>"; };
		2284891B250BF09D00F12010 /* Assets.xcassets */ = {isa = PBXFileReference; lastKnownFileType = folder.assetcatalog; path = Assets.xcassets; sourceTree = "<group>"; };
		2284891E250BF09D00F12010 /* Base */ = {isa = PBXFileReference; lastKnownFileType = file.storyboard; name = Base; path = Base.lproj/LaunchScreen.storyboard; sourceTree = "<group>"; };
		22848920250BF09D00F12010 /* Info.plist */ = {isa = PBXFileReference; lastKnownFileType = text.plist.xml; path = Info.plist; sourceTree = "<group>"; };
		22848925250BF09D00F12010 /* HungrrrTechTestTests.xctest */ = {isa = PBXFileReference; explicitFileType = wrapper.cfbundle; includeInIndex = 0; path = HungrrrTechTestTests.xctest; sourceTree = BUILT_PRODUCTS_DIR; };
		22848929250BF09D00F12010 /* HungrrrTechTestTests.swift */ = {isa = PBXFileReference; lastKnownFileType = sourcecode.swift; path = HungrrrTechTestTests.swift; sourceTree = "<group>"; };
		2284892B250BF09D00F12010 /* Info.plist */ = {isa = PBXFileReference; lastKnownFileType = text.plist.xml; path = Info.plist; sourceTree = "<group>"; };
		22848938250BF40800F12010 /* MainCoordinator.swift */ = {isa = PBXFileReference; lastKnownFileType = sourcecode.swift; path = MainCoordinator.swift; sourceTree = "<group>"; };
		2284893C250BF4AC00F12010 /* CoordinatorProtocol.swift */ = {isa = PBXFileReference; lastKnownFileType = sourcecode.swift; path = CoordinatorProtocol.swift; sourceTree = "<group>"; };
		2284893F250BF72300F12010 /* TeamSearchViewController.swift */ = {isa = PBXFileReference; lastKnownFileType = sourcecode.swift; path = TeamSearchViewController.swift; sourceTree = "<group>"; };
		22848940250BF72300F12010 /* TeamSearchViewController.xib */ = {isa = PBXFileReference; lastKnownFileType = file.xib; path = TeamSearchViewController.xib; sourceTree = "<group>"; };
		229EAAE0250CFB8600FE3CE7 /* Constants.swift */ = {isa = PBXFileReference; lastKnownFileType = sourcecode.swift; path = Constants.swift; sourceTree = "<group>"; };
		22DC46A5250C0A520000A47E /* PlayerTableViewCell.swift */ = {isa = PBXFileReference; fileEncoding = 4; lastKnownFileType = sourcecode.swift; path = PlayerTableViewCell.swift; sourceTree = "<group>"; };
		22DC46A8250C181F0000A47E /* Team.swift */ = {isa = PBXFileReference; lastKnownFileType = sourcecode.swift; path = Team.swift; sourceTree = "<group>"; };
		22DC46AB250C18290000A47E /* Player.swift */ = {isa = PBXFileReference; lastKnownFileType = sourcecode.swift; path = Player.swift; sourceTree = "<group>"; };
		22DC46B3250C1A990000A47E /* NetworkUtility.swift */ = {isa = PBXFileReference; lastKnownFileType = sourcecode.swift; path = NetworkUtility.swift; sourceTree = "<group>"; };
		22DC46B6250C1EF10000A47E /* Codables.swift */ = {isa = PBXFileReference; lastKnownFileType = sourcecode.swift; path = Codables.swift; sourceTree = "<group>"; };
/* End PBXFileReference section */

/* Begin PBXFrameworksBuildPhase section */
		2284890C250BF09A00F12010 /* Frameworks */ = {
			isa = PBXFrameworksBuildPhase;
			buildActionMask = 2147483647;
			files = (
			);
			runOnlyForDeploymentPostprocessing = 0;
		};
		22848922250BF09D00F12010 /* Frameworks */ = {
			isa = PBXFrameworksBuildPhase;
			buildActionMask = 2147483647;
			files = (
			);
			runOnlyForDeploymentPostprocessing = 0;
		};
/* End PBXFrameworksBuildPhase section */

/* Begin PBXGroup section */
		2211AC5F250C02E7002EC546 /* Cells */ = {
			isa = PBXGroup;
			children = (
				22DC46A5250C0A520000A47E /* PlayerTableViewCell.swift */,
				2211AC67250C033C002EC546 /* PlayerTableViewCell.xib */,
				2211AC60250C031A002EC546 /* TeamTableViewCell.swift */,
				2211AC61250C031A002EC546 /* TeamTableViewCell.xib */,
			);
			path = Cells;
			sourceTree = "<group>";
		};
		22848906250BF09A00F12010 = {
			isa = PBXGroup;
			children = (
				22848911250BF09A00F12010 /* HungrrrTechTest */,
				22848928250BF09D00F12010 /* HungrrrTechTestTests */,
				22848910250BF09A00F12010 /* Products */,
			);
			sourceTree = "<group>";
		};
		22848910250BF09A00F12010 /* Products */ = {
			isa = PBXGroup;
			children = (
				2284890F250BF09A00F12010 /* HungrrrTechTest.app */,
				22848925250BF09D00F12010 /* HungrrrTechTestTests.xctest */,
			);
			name = Products;
			sourceTree = "<group>";
		};
		22848911250BF09A00F12010 /* HungrrrTechTest */ = {
			isa = PBXGroup;
			children = (
				22848937250BF21100F12010 /* Application Files */,
				22848936250BF17E00F12010 /* Coordinators */,
				22DC46A7250C13760000A47E /* Models */,
				2284893B250BF43100F12010 /* Protocols */,
				229EAADF250CFB6500FE3CE7 /* Resources */,
				22DC46B2250C1A2C0000A47E /* Utilities */,
				22848935250BF17300F12010 /* View Controllers */,
			);
			path = HungrrrTechTest;
			sourceTree = "<group>";
		};
		22848928250BF09D00F12010 /* HungrrrTechTestTests */ = {
			isa = PBXGroup;
			children = (
				22848929250BF09D00F12010 /* HungrrrTechTestTests.swift */,
				2284892B250BF09D00F12010 /* Info.plist */,
			);
			path = HungrrrTechTestTests;
			sourceTree = "<group>";
		};
		22848935250BF17300F12010 /* View Controllers */ = {
			isa = PBXGroup;
			children = (
				22848945250BF8E700F12010 /* TeamSearchViewController */,
			);
			path = "View Controllers";
			sourceTree = "<group>";
		};
		22848936250BF17E00F12010 /* Coordinators */ = {
			isa = PBXGroup;
			children = (
				22848938250BF40800F12010 /* MainCoordinator.swift */,
			);
			path = Coordinators;
			sourceTree = "<group>";
		};
		22848937250BF21100F12010 /* Application Files */ = {
			isa = PBXGroup;
			children = (
				2284891D250BF09D00F12010 /* LaunchScreen.storyboard */,
				22848912250BF09A00F12010 /* AppDelegate.swift */,
				22848914250BF09A00F12010 /* SceneDelegate.swift */,
				2284891B250BF09D00F12010 /* Assets.xcassets */,
				22848920250BF09D00F12010 /* Info.plist */,
			);
			path = "Application Files";
			sourceTree = "<group>";
		};
		2284893B250BF43100F12010 /* Protocols */ = {
			isa = PBXGroup;
			children = (
				2284893C250BF4AC00F12010 /* CoordinatorProtocol.swift */,
			);
			path = Protocols;
			sourceTree = "<group>";
		};
		22848945250BF8E700F12010 /* TeamSearchViewController */ = {
			isa = PBXGroup;
			children = (
				2211AC5F250C02E7002EC546 /* Cells */,
				2284893F250BF72300F12010 /* TeamSearchViewController.swift */,
				22848940250BF72300F12010 /* TeamSearchViewController.xib */,
			);
			path = TeamSearchViewController;
			sourceTree = "<group>";
		};
		229EAADF250CFB6500FE3CE7 /* Resources */ = {
			isa = PBXGroup;
			children = (
				229EAAE0250CFB8600FE3CE7 /* Constants.swift */,
			);
			path = Resources;
			sourceTree = "<group>";
		};
		22DC46A7250C13760000A47E /* Models */ = {
			isa = PBXGroup;
			children = (
				22DC46A8250C181F0000A47E /* Team.swift */,
				22DC46AB250C18290000A47E /* Player.swift */,
				22DC46B6250C1EF10000A47E /* Codables.swift */,
			);
			path = Models;
			sourceTree = "<group>";
		};
		22DC46B2250C1A2C0000A47E /* Utilities */ = {
			isa = PBXGroup;
			children = (
				22DC46B3250C1A990000A47E /* NetworkUtility.swift */,
			);
			path = Utilities;
			sourceTree = "<group>";
		};
/* End PBXGroup section */

/* Begin PBXNativeTarget section */
		2284890E250BF09A00F12010 /* HungrrrTechTest */ = {
			isa = PBXNativeTarget;
			buildConfigurationList = 2284892E250BF09D00F12010 /* Build configuration list for PBXNativeTarget "HungrrrTechTest" */;
			buildPhases = (
				2284890B250BF09A00F12010 /* Sources */,
				2284890C250BF09A00F12010 /* Frameworks */,
				2284890D250BF09A00F12010 /* Resources */,
			);
			buildRules = (
			);
			dependencies = (
			);
			name = HungrrrTechTest;
			productName = HungrrrTechTest;
			productReference = 2284890F250BF09A00F12010 /* HungrrrTechTest.app */;
			productType = "com.apple.product-type.application";
		};
		22848924250BF09D00F12010 /* HungrrrTechTestTests */ = {
			isa = PBXNativeTarget;
			buildConfigurationList = 22848931250BF09D00F12010 /* Build configuration list for PBXNativeTarget "HungrrrTechTestTests" */;
			buildPhases = (
				22848921250BF09D00F12010 /* Sources */,
				22848922250BF09D00F12010 /* Frameworks */,
				22848923250BF09D00F12010 /* Resources */,
			);
			buildRules = (
			);
			dependencies = (
				22848927250BF09D00F12010 /* PBXTargetDependency */,
			);
			name = HungrrrTechTestTests;
			productName = HungrrrTechTestTests;
			productReference = 22848925250BF09D00F12010 /* HungrrrTechTestTests.xctest */;
			productType = "com.apple.product-type.bundle.unit-test";
		};
/* End PBXNativeTarget section */

/* Begin PBXProject section */
		22848907250BF09A00F12010 /* Project object */ = {
			isa = PBXProject;
			attributes = {
				LastSwiftUpdateCheck = 1160;
				LastUpgradeCheck = 1160;
				ORGANIZATIONNAME = "Whittle Productions";
				TargetAttributes = {
					2284890E250BF09A00F12010 = {
						CreatedOnToolsVersion = 11.6;
					};
					22848924250BF09D00F12010 = {
						CreatedOnToolsVersion = 11.6;
						TestTargetID = 2284890E250BF09A00F12010;
					};
				};
			};
			buildConfigurationList = 2284890A250BF09A00F12010 /* Build configuration list for PBXProject "HungrrrTechTest" */;
			compatibilityVersion = "Xcode 9.3";
			developmentRegion = en;
			hasScannedForEncodings = 0;
			knownRegions = (
				en,
				Base,
			);
			mainGroup = 22848906250BF09A00F12010;
			productRefGroup = 22848910250BF09A00F12010 /* Products */;
			projectDirPath = "";
			projectRoot = "";
			targets = (
				2284890E250BF09A00F12010 /* HungrrrTechTest */,
				22848924250BF09D00F12010 /* HungrrrTechTestTests */,
			);
		};
/* End PBXProject section */

/* Begin PBXResourcesBuildPhase section */
		2284890D250BF09A00F12010 /* Resources */ = {
			isa = PBXResourcesBuildPhase;
			buildActionMask = 2147483647;
			files = (
				2284891F250BF09D00F12010 /* LaunchScreen.storyboard in Resources */,
				22848943250BF72300F12010 /* TeamSearchViewController.xib in Resources */,
				2211AC64250C031A002EC546 /* TeamTableViewCell.xib in Resources */,
				2284891C250BF09D00F12010 /* Assets.xcassets in Resources */,
				2211AC6A250C033C002EC546 /* PlayerTableViewCell.xib in Resources */,
			);
			runOnlyForDeploymentPostprocessing = 0;
		};
		22848923250BF09D00F12010 /* Resources */ = {
			isa = PBXResourcesBuildPhase;
			buildActionMask = 2147483647;
			files = (
				2211AC65250C031A002EC546 /* TeamTableViewCell.xib in Resources */,
				2211AC6B250C033C002EC546 /* PlayerTableViewCell.xib in Resources */,
				22848944250BF72300F12010 /* TeamSearchViewController.xib in Resources */,
			);
			runOnlyForDeploymentPostprocessing = 0;
		};
/* End PBXResourcesBuildPhase section */

/* Begin PBXSourcesBuildPhase section */
		2284890B250BF09A00F12010 /* Sources */ = {
			isa = PBXSourcesBuildPhase;
			buildActionMask = 2147483647;
			files = (
				22DC46A6250C0A520000A47E /* PlayerTableViewCell.swift in Sources */,
				22DC46B7250C1EF10000A47E /* Codables.swift in Sources */,
				2211AC62250C031A002EC546 /* TeamTableViewCell.swift in Sources */,
				22848939250BF40800F12010 /* MainCoordinator.swift in Sources */,
				2284893D250BF4AC00F12010 /* CoordinatorProtocol.swift in Sources */,
				22DC46A9250C181F0000A47E /* Team.swift in Sources */,
				22848913250BF09A00F12010 /* AppDelegate.swift in Sources */,
				22848941250BF72300F12010 /* TeamSearchViewController.swift in Sources */,
				22DC46AC250C18290000A47E /* Player.swift in Sources */,
				22848915250BF09A00F12010 /* SceneDelegate.swift in Sources */,
				22DC46B4250C1A990000A47E /* NetworkUtility.swift in Sources */,
				229EAAE1250CFB8600FE3CE7 /* Constants.swift in Sources */,
			);
			runOnlyForDeploymentPostprocessing = 0;
		};
		22848921250BF09D00F12010 /* Sources */ = {
			isa = PBXSourcesBuildPhase;
			buildActionMask = 2147483647;
			files = (
				22DC46AA250C181F0000A47E /* Team.swift in Sources */,
				2284892A250BF09D00F12010 /* HungrrrTechTestTests.swift in Sources */,
				22848942250BF72300F12010 /* TeamSearchViewController.swift in Sources */,
				2211AC63250C031A002EC546 /* TeamTableViewCell.swift in Sources */,
				22DC46B8250C1EF10000A47E /* Codables.swift in Sources */,
				229EAAE2250CFB8600FE3CE7 /* Constants.swift in Sources */,
				22DC46AD250C18290000A47E /* Player.swift in Sources */,
				22DC46B5250C1A990000A47E /* NetworkUtility.swift in Sources */,
				2284893A250BF40800F12010 /* MainCoordinator.swift in Sources */,
				2284893E250BF4AC00F12010 /* CoordinatorProtocol.swift in Sources */,
			);
			runOnlyForDeploymentPostprocessing = 0;
		};
/* End PBXSourcesBuildPhase section */

/* Begin PBXTargetDependency section */
		22848927250BF09D00F12010 /* PBXTargetDependency */ = {
			isa = PBXTargetDependency;
			target = 2284890E250BF09A00F12010 /* HungrrrTechTest */;
			targetProxy = 22848926250BF09D00F12010 /* PBXContainerItemProxy */;
		};
/* End PBXTargetDependency section */

/* Begin PBXVariantGroup section */
		2284891D250BF09D00F12010 /* LaunchScreen.storyboard */ = {
			isa = PBXVariantGroup;
			children = (
				2284891E250BF09D00F12010 /* Base */,
			);
			name = LaunchScreen.storyboard;
			sourceTree = "<group>";
		};
/* End PBXVariantGroup section */

/* Begin XCBuildConfiguration section */
		2284892C250BF09D00F12010 /* Debug */ = {
			isa = XCBuildConfiguration;
			buildSettings = {
				ALWAYS_SEARCH_USER_PATHS = NO;
				CLANG_ANALYZER_NONNULL = YES;
				CLANG_ANALYZER_NUMBER_OBJECT_CONVERSION = YES_AGGRESSIVE;
				CLANG_CXX_LANGUAGE_STANDARD = "gnu++14";
				CLANG_CXX_LIBRARY = "libc++";
				CLANG_ENABLE_MODULES = YES;
				CLANG_ENABLE_OBJC_ARC = YES;
				CLANG_ENABLE_OBJC_WEAK = YES;
				CLANG_WARN_BLOCK_CAPTURE_AUTORELEASING = YES;
				CLANG_WARN_BOOL_CONVERSION = YES;
				CLANG_WARN_COMMA = YES;
				CLANG_WARN_CONSTANT_CONVERSION = YES;
				CLANG_WARN_DEPRECATED_OBJC_IMPLEMENTATIONS = YES;
				CLANG_WARN_DIRECT_OBJC_ISA_USAGE = YES_ERROR;
				CLANG_WARN_DOCUMENTATION_COMMENTS = YES;
				CLANG_WARN_EMPTY_BODY = YES;
				CLANG_WARN_ENUM_CONVERSION = YES;
				CLANG_WARN_INFINITE_RECURSION = YES;
				CLANG_WARN_INT_CONVERSION = YES;
				CLANG_WARN_NON_LITERAL_NULL_CONVERSION = YES;
				CLANG_WARN_OBJC_IMPLICIT_RETAIN_SELF = YES;
				CLANG_WARN_OBJC_LITERAL_CONVERSION = YES;
				CLANG_WARN_OBJC_ROOT_CLASS = YES_ERROR;
				CLANG_WARN_RANGE_LOOP_ANALYSIS = YES;
				CLANG_WARN_STRICT_PROTOTYPES = YES;
				CLANG_WARN_SUSPICIOUS_MOVE = YES;
				CLANG_WARN_UNGUARDED_AVAILABILITY = YES_AGGRESSIVE;
				CLANG_WARN_UNREACHABLE_CODE = YES;
				CLANG_WARN__DUPLICATE_METHOD_MATCH = YES;
				COPY_PHASE_STRIP = NO;
				DEBUG_INFORMATION_FORMAT = dwarf;
				ENABLE_STRICT_OBJC_MSGSEND = YES;
				ENABLE_TESTABILITY = YES;
				GCC_C_LANGUAGE_STANDARD = gnu11;
				GCC_DYNAMIC_NO_PIC = NO;
				GCC_NO_COMMON_BLOCKS = YES;
				GCC_OPTIMIZATION_LEVEL = 0;
				GCC_PREPROCESSOR_DEFINITIONS = (
					"DEBUG=1",
					"$(inherited)",
				);
				GCC_WARN_64_TO_32_BIT_CONVERSION = YES;
				GCC_WARN_ABOUT_RETURN_TYPE = YES_ERROR;
				GCC_WARN_UNDECLARED_SELECTOR = YES;
				GCC_WARN_UNINITIALIZED_AUTOS = YES_AGGRESSIVE;
				GCC_WARN_UNUSED_FUNCTION = YES;
				GCC_WARN_UNUSED_VARIABLE = YES;
				IPHONEOS_DEPLOYMENT_TARGET = 13.6;
				MTL_ENABLE_DEBUG_INFO = INCLUDE_SOURCE;
				MTL_FAST_MATH = YES;
				ONLY_ACTIVE_ARCH = YES;
				SDKROOT = iphoneos;
				SWIFT_ACTIVE_COMPILATION_CONDITIONS = DEBUG;
				SWIFT_OPTIMIZATION_LEVEL = "-Onone";
			};
			name = Debug;
		};
		2284892D250BF09D00F12010 /* Release */ = {
			isa = XCBuildConfiguration;
			buildSettings = {
				ALWAYS_SEARCH_USER_PATHS = NO;
				CLANG_ANALYZER_NONNULL = YES;
				CLANG_ANALYZER_NUMBER_OBJECT_CONVERSION = YES_AGGRESSIVE;
				CLANG_CXX_LANGUAGE_STANDARD = "gnu++14";
				CLANG_CXX_LIBRARY = "libc++";
				CLANG_ENABLE_MODULES = YES;
				CLANG_ENABLE_OBJC_ARC = YES;
				CLANG_ENABLE_OBJC_WEAK = YES;
				CLANG_WARN_BLOCK_CAPTURE_AUTORELEASING = YES;
				CLANG_WARN_BOOL_CONVERSION = YES;
				CLANG_WARN_COMMA = YES;
				CLANG_WARN_CONSTANT_CONVERSION = YES;
				CLANG_WARN_DEPRECATED_OBJC_IMPLEMENTATIONS = YES;
				CLANG_WARN_DIRECT_OBJC_ISA_USAGE = YES_ERROR;
				CLANG_WARN_DOCUMENTATION_COMMENTS = YES;
				CLANG_WARN_EMPTY_BODY = YES;
				CLANG_WARN_ENUM_CONVERSION = YES;
				CLANG_WARN_INFINITE_RECURSION = YES;
				CLANG_WARN_INT_CONVERSION = YES;
				CLANG_WARN_NON_LITERAL_NULL_CONVERSION = YES;
				CLANG_WARN_OBJC_IMPLICIT_RETAIN_SELF = YES;
				CLANG_WARN_OBJC_LITERAL_CONVERSION = YES;
				CLANG_WARN_OBJC_ROOT_CLASS = YES_ERROR;
				CLANG_WARN_RANGE_LOOP_ANALYSIS = YES;
				CLANG_WARN_STRICT_PROTOTYPES = YES;
				CLANG_WARN_SUSPICIOUS_MOVE = YES;
				CLANG_WARN_UNGUARDED_AVAILABILITY = YES_AGGRESSIVE;
				CLANG_WARN_UNREACHABLE_CODE = YES;
				CLANG_WARN__DUPLICATE_METHOD_MATCH = YES;
				COPY_PHASE_STRIP = NO;
				DEBUG_INFORMATION_FORMAT = "dwarf-with-dsym";
				ENABLE_NS_ASSERTIONS = NO;
				ENABLE_STRICT_OBJC_MSGSEND = YES;
				GCC_C_LANGUAGE_STANDARD = gnu11;
				GCC_NO_COMMON_BLOCKS = YES;
				GCC_WARN_64_TO_32_BIT_CONVERSION = YES;
				GCC_WARN_ABOUT_RETURN_TYPE = YES_ERROR;
				GCC_WARN_UNDECLARED_SELECTOR = YES;
				GCC_WARN_UNINITIALIZED_AUTOS = YES_AGGRESSIVE;
				GCC_WARN_UNUSED_FUNCTION = YES;
				GCC_WARN_UNUSED_VARIABLE = YES;
				IPHONEOS_DEPLOYMENT_TARGET = 13.6;
				MTL_ENABLE_DEBUG_INFO = NO;
				MTL_FAST_MATH = YES;
				SDKROOT = iphoneos;
				SWIFT_COMPILATION_MODE = wholemodule;
				SWIFT_OPTIMIZATION_LEVEL = "-O";
				VALIDATE_PRODUCT = YES;
			};
			name = Release;
		};
		2284892F250BF09D00F12010 /* Debug */ = {
			isa = XCBuildConfiguration;
			buildSettings = {
				ASSETCATALOG_COMPILER_APPICON_NAME = AppIcon;
				CODE_SIGN_STYLE = Automatic;
				DEVELOPMENT_TEAM = 2LN4RF2NZP;
				INFOPLIST_FILE = "HungrrrTechTest/Application Files/Info.plist";
				IPHONEOS_DEPLOYMENT_TARGET = 13.0;
				LD_RUNPATH_SEARCH_PATHS = (
					"$(inherited)",
					"@executable_path/Frameworks",
				);
				PRODUCT_BUNDLE_IDENTIFIER = "whittle-productions.HungrrrTechTest";
				PRODUCT_NAME = "$(TARGET_NAME)";
				SWIFT_VERSION = 5.0;
				TARGETED_DEVICE_FAMILY = 1;
			};
			name = Debug;
		};
		22848930250BF09D00F12010 /* Release */ = {
			isa = XCBuildConfiguration;
			buildSettings = {
				ASSETCATALOG_COMPILER_APPICON_NAME = AppIcon;
				CODE_SIGN_STYLE = Automatic;
				DEVELOPMENT_TEAM = 2LN4RF2NZP;
				INFOPLIST_FILE = "HungrrrTechTest/Application Files/Info.plist";
				IPHONEOS_DEPLOYMENT_TARGET = 13.0;
				LD_RUNPATH_SEARCH_PATHS = (
					"$(inherited)",
					"@executable_path/Frameworks",
				);
				PRODUCT_BUNDLE_IDENTIFIER = "whittle-productions.HungrrrTechTest";
				PRODUCT_NAME = "$(TARGET_NAME)";
				SWIFT_VERSION = 5.0;
				TARGETED_DEVICE_FAMILY = 1;
			};
			name = Release;
		};
		22848932250BF09D00F12010 /* Debug */ = {
			isa = XCBuildConfiguration;
			buildSettings = {
				ALWAYS_EMBED_SWIFT_STANDARD_LIBRARIES = YES;
				BUNDLE_LOADER = "$(TEST_HOST)";
				CODE_SIGN_STYLE = Automatic;
				DEVELOPMENT_TEAM = 2LN4RF2NZP;
				INFOPLIST_FILE = HungrrrTechTestTests/Info.plist;
				IPHONEOS_DEPLOYMENT_TARGET = 13.6;
				LD_RUNPATH_SEARCH_PATHS = (
					"$(inherited)",
					"@executable_path/Frameworks",
					"@loader_path/Frameworks",
				);
				PRODUCT_BUNDLE_IDENTIFIER = "whittle-productions.HungrrrTechTestTests";
				PRODUCT_NAME = "$(TARGET_NAME)";
				SWIFT_VERSION = 5.0;
				TARGETED_DEVICE_FAMILY = "1,2";
				TEST_HOST = "$(BUILT_PRODUCTS_DIR)/HungrrrTechTest.app/HungrrrTechTest";
			};
			name = Debug;
		};
		22848933250BF09D00F12010 /* Release */ = {
			isa = XCBuildConfiguration;
			buildSettings = {
				ALWAYS_EMBED_SWIFT_STANDARD_LIBRARIES = YES;
				BUNDLE_LOADER = "$(TEST_HOST)";
				CODE_SIGN_STYLE = Automatic;
				DEVELOPMENT_TEAM = 2LN4RF2NZP;
				INFOPLIST_FILE = HungrrrTechTestTests/Info.plist;
				IPHONEOS_DEPLOYMENT_TARGET = 13.6;
				LD_RUNPATH_SEARCH_PATHS = (
					"$(inherited)",
					"@executable_path/Frameworks",
					"@loader_path/Frameworks",
				);
				PRODUCT_BUNDLE_IDENTIFIER = "whittle-productions.HungrrrTechTestTests";
				PRODUCT_NAME = "$(TARGET_NAME)";
				SWIFT_VERSION = 5.0;
				TARGETED_DEVICE_FAMILY = "1,2";
				TEST_HOST = "$(BUILT_PRODUCTS_DIR)/HungrrrTechTest.app/HungrrrTechTest";
			};
			name = Release;
		};
/* End XCBuildConfiguration section */

/* Begin XCConfigurationList section */
		2284890A250BF09A00F12010 /* Build configuration list for PBXProject "HungrrrTechTest" */ = {
			isa = XCConfigurationList;
			buildConfigurations = (
				2284892C250BF09D00F12010 /* Debug */,
				2284892D250BF09D00F12010 /* Release */,
			);
			defaultConfigurationIsVisible = 0;
			defaultConfigurationName = Release;
		};
		2284892E250BF09D00F12010 /* Build configuration list for PBXNativeTarget "HungrrrTechTest" */ = {
			isa = XCConfigurationList;
			buildConfigurations = (
				2284892F250BF09D00F12010 /* Debug */,
				22848930250BF09D00F12010 /* Release */,
			);
			defaultConfigurationIsVisible = 0;
			defaultConfigurationName = Release;
		};
		22848931250BF09D00F12010 /* Build configuration list for PBXNativeTarget "HungrrrTechTestTests" */ = {
			isa = XCConfigurationList;
			buildConfigurations = (
				22848932250BF09D00F12010 /* Debug */,
				22848933250BF09D00F12010 /* Release */,
			);
			defaultConfigurationIsVisible = 0;
			defaultConfigurationName = Release;
		};
/* End XCConfigurationList section */
	};
	rootObject = 22848907250BF09A00F12010 /* Project object */;
}
